
Microsoft Visual Studio Solution File, Format Version 12.00
# Visual Studio Version 16
VisualStudioVersion = 16.0.29509.3
MinimumVisualStudioVersion = 10.0.40219.1
Project("{FAE04EC0-301F-11D3-BF4B-00C04F79EFBC}") = "Net.Core.FirstProject.App", "Net.Core.FirstProject.App.csproj", "{1A6ACC05-A79C-4646-B76D-72CEDF485E3B}"
EndProject
Project("{FAE04EC0-301F-11D3-BF4B-00C04F79EFBC}") = "Net.Core.FirstProject.Data", "..\Net.Core.FirstProject.Data\Net.Core.FirstProject.Data.csproj", "{C7D23C2E-6D12-48C5-A6C3-DA58DD83568F}"
EndProject
Project("{FAE04EC0-301F-11D3-BF4B-00C04F79EFBC}") = "Net.Core.FirstProject.Core", "..\Net.Core.FirstProject.Core\Net.Core.FirstProject.Core.csproj", "{8669D63B-C934-4EDF-B571-7FC43A29DAF0}"
EndProject
Global
	GlobalSection(SolutionConfigurationPlatforms) = preSolution
		Debug|Any CPU = Debug|Any CPU
		Release|Any CPU = Release|Any CPU
	EndGlobalSection
	GlobalSection(ProjectConfigurationPlatforms) = postSolution
		{1A6ACC05-A79C-4646-B76D-72CEDF485E3B}.Debug|Any CPU.ActiveCfg = Debug|Any CPU
		{1A6ACC05-A79C-4646-B76D-72CEDF485E3B}.Debug|Any CPU.Build.0 = Debug|Any CPU
		{1A6ACC05-A79C-4646-B76D-72CEDF485E3B}.Release|Any CPU.ActiveCfg = Release|Any CPU
		{1A6ACC05-A79C-4646-B76D-72CEDF485E3B}.Release|Any CPU.Build.0 = Release|Any CPU
		{C7D23C2E-6D12-48C5-A6C3-DA58DD83568F}.Debug|Any CPU.ActiveCfg = Debug|Any CPU
		{C7D23C2E-6D12-48C5-A6C3-DA58DD83568F}.Debug|Any CPU.Build.0 = Debug|Any CPU
		{C7D23C2E-6D12-48C5-A6C3-DA58DD83568F}.Release|Any CPU.ActiveCfg = Release|Any CPU
		{C7D23C2E-6D12-48C5-A6C3-DA58DD83568F}.Release|Any CPU.Build.0 = Release|Any CPU
		{8669D63B-C934-4EDF-B571-7FC43A29DAF0}.Debug|Any CPU.ActiveCfg = Debug|Any CPU
		{8669D63B-C934-4EDF-B571-7FC43A29DAF0}.Debug|Any CPU.Build.0 = Debug|Any CPU
		{8669D63B-C934-4EDF-B571-7FC43A29DAF0}.Release|Any CPU.ActiveCfg = Release|Any CPU
		{8669D63B-C934-4EDF-B571-7FC43A29DAF0}.Release|Any CPU.Build.0 = Release|Any CPU
	EndGlobalSection
	GlobalSection(SolutionProperties) = preSolution
		HideSolutionNode = FALSE
	EndGlobalSection
	GlobalSection(ExtensibilityGlobals) = postSolution
		SolutionGuid = {54397D48-73E9-4AD4-B0D5-FC58674CAF73}
	EndGlobalSection
EndGlobal
